
Microsoft Visual Studio Solution File, Format Version 12.00
# Visual Studio Version 17
VisualStudioVersion = 17.14.36301.6 d17.14
MinimumVisualStudioVersion = 10.0.40219.1
Project("{FAE04EC0-301F-11D3-BF4B-00C04F79EFBC}") = "SampleWeb", "SampleWeb\SampleWeb.csproj", "{05234097-B0E2-475C-BC69-205B549D11A2}"
EndProject
Global
	GlobalSection(SolutionConfigurationPlatforms) = preSolution
		Debug|Any CPU = Debug|Any CPU
		Release|Any CPU = Release|Any CPU
	EndGlobalSection
	GlobalSection(ProjectConfigurationPlatforms) = postSolution
		{05234097-B0E2-475C-BC69-205B549D11A2}.Debug|Any CPU.ActiveCfg = Debug|Any CPU
		{05234097-B0E2-475C-BC69-205B549D11A2}.Debug|Any CPU.Build.0 = Debug|Any CPU
		{05234097-B0E2-475C-BC69-205B549D11A2}.Release|Any CPU.ActiveCfg = Release|Any CPU
		{05234097-B0E2-475C-BC69-205B549D11A2}.Release|Any CPU.Build.0 = Release|Any CPU
	EndGlobalSection
	GlobalSection(SolutionProperties) = preSolution
		HideSolutionNode = FALSE
	EndGlobalSection
	GlobalSection(ExtensibilityGlobals) = postSolution
		SolutionGuid = {24BBAB5E-080B-43C6-9A15-E9619A7DFA63}
	EndGlobalSection
EndGlobal
